
Microsoft Visual Studio Solution File, Format Version 12.00
# Visual Studio Version 16
VisualStudioVersion = 16.0.32228.547
MinimumVisualStudioVersion = 10.0.40219.1
Project("{FAE04EC0-301F-11D3-BF4B-00C04F79EFBC}") = "Dynmic binding ya Run time polymorphism", "Dynmic binding ya Run time polymorphism\Dynmic binding ya Run time polymorphism.csproj", "{F124EE10-367A-4A98-AEEC-37E801D1D6F2}"
EndProject
Global
	GlobalSection(SolutionConfigurationPlatforms) = preSolution
		Debug|Any CPU = Debug|Any CPU
		Release|Any CPU = Release|Any CPU
	EndGlobalSection
	GlobalSection(ProjectConfigurationPlatforms) = postSolution
		{F124EE10-367A-4A98-AEEC-37E801D1D6F2}.Debug|Any CPU.ActiveCfg = Debug|Any CPU
		{F124EE10-367A-4A98-AEEC-37E801D1D6F2}.Debug|Any CPU.Build.0 = Debug|Any CPU
		{F124EE10-367A-4A98-AEEC-37E801D1D6F2}.Release|Any CPU.ActiveCfg = Release|Any CPU
		{F124EE10-367A-4A98-AEEC-37E801D1D6F2}.Release|Any CPU.Build.0 = Release|Any CPU
	EndGlobalSection
	GlobalSection(SolutionProperties) = preSolution
		HideSolutionNode = FALSE
	EndGlobalSection
	GlobalSection(ExtensibilityGlobals) = postSolution
		SolutionGuid = {EE91FD5D-F9DA-479E-91C6-3323FF8781E2}
	EndGlobalSection
EndGlobal
